
Microsoft Visual Studio Solution File, Format Version 12.00
# Visual Studio Version 16
VisualStudioVersion = 16.0.30413.136
MinimumVisualStudioVersion = 10.0.40219.1
Project("{FAE04EC0-301F-11D3-BF4B-00C04F79EFBC}") = "AnimatedMenu.Android", "AnimatedMenu\AnimatedMenu.Android\AnimatedMenu.Android.csproj", "{B7A42135-4F33-442A-8388-1525F09A0D9A}"
EndProject
Project("{FAE04EC0-301F-11D3-BF4B-00C04F79EFBC}") = "AnimatedMenu.iOS", "AnimatedMenu\AnimatedMenu.iOS\AnimatedMenu.iOS.csproj", "{584B90A9-3ECA-427A-A177-6D8B914A0C7B}"
EndProject
Project("{FAE04EC0-301F-11D3-BF4B-00C04F79EFBC}") = "AnimatedMenu", "AnimatedMenu\AnimatedMenu\AnimatedMenu.csproj", "{16A208FD-C7C0-47A0-AEBB-A9FC30134B06}"
EndProject
Global
	GlobalSection(SolutionConfigurationPlatforms) = preSolution
		Debug|Any CPU = Debug|Any CPU
		Debug|iPhone = Debug|iPhone
		Debug|iPhoneSimulator = Debug|iPhoneSimulator
		Release|Any CPU = Release|Any CPU
		Release|iPhone = Release|iPhone
		Release|iPhoneSimulator = Release|iPhoneSimulator
	EndGlobalSection
	GlobalSection(ProjectConfigurationPlatforms) = postSolution
		{B7A42135-4F33-442A-8388-1525F09A0D9A}.Debug|Any CPU.ActiveCfg = Debug|Any CPU
		{B7A42135-4F33-442A-8388-1525F09A0D9A}.Debug|Any CPU.Build.0 = Debug|Any CPU
		{B7A42135-4F33-442A-8388-1525F09A0D9A}.Debug|Any CPU.Deploy.0 = Debug|Any CPU
		{B7A42135-4F33-442A-8388-1525F09A0D9A}.Debug|iPhone.ActiveCfg = Debug|Any CPU
		{B7A42135-4F33-442A-8388-1525F09A0D9A}.Debug|iPhone.Build.0 = Debug|Any CPU
		{B7A42135-4F33-442A-8388-1525F09A0D9A}.Debug|iPhone.Deploy.0 = Debug|Any CPU
		{B7A42135-4F33-442A-8388-1525F09A0D9A}.Debug|iPhoneSimulator.ActiveCfg = Debug|Any CPU
		{B7A42135-4F33-442A-8388-1525F09A0D9A}.Debug|iPhoneSimulator.Build.0 = Debug|Any CPU
		{B7A42135-4F33-442A-8388-1525F09A0D9A}.Debug|iPhoneSimulator.Deploy.0 = Debug|Any CPU
		{B7A42135-4F33-442A-8388-1525F09A0D9A}.Release|Any CPU.ActiveCfg = Release|Any CPU
		{B7A42135-4F33-442A-8388-1525F09A0D9A}.Release|Any CPU.Build.0 = Release|Any CPU
		{B7A42135-4F33-442A-8388-1525F09A0D9A}.Release|Any CPU.Deploy.0 = Release|Any CPU
		{B7A42135-4F33-442A-8388-1525F09A0D9A}.Release|iPhone.ActiveCfg = Release|Any CPU
		{B7A42135-4F33-442A-8388-1525F09A0D9A}.Release|iPhone.Build.0 = Release|Any CPU
		{B7A42135-4F33-442A-8388-1525F09A0D9A}.Release|iPhone.Deploy.0 = Release|Any CPU
		{B7A42135-4F33-442A-8388-1525F09A0D9A}.Release|iPhoneSimulator.ActiveCfg = Release|Any CPU
		{B7A42135-4F33-442A-8388-1525F09A0D9A}.Release|iPhoneSimulator.Build.0 = Release|Any CPU
		{B7A42135-4F33-442A-8388-1525F09A0D9A}.Release|iPhoneSimulator.Deploy.0 = Release|Any CPU
		{584B90A9-3ECA-427A-A177-6D8B914A0C7B}.Debug|Any CPU.ActiveCfg = Debug|iPhone
		{584B90A9-3ECA-427A-A177-6D8B914A0C7B}.Debug|Any CPU.Build.0 = Debug|iPhone
		{584B90A9-3ECA-427A-A177-6D8B914A0C7B}.Debug|Any CPU.Deploy.0 = Debug|iPhone
		{584B90A9-3ECA-427A-A177-6D8B914A0C7B}.Debug|iPhone.ActiveCfg = Debug|iPhone
		{584B90A9-3ECA-427A-A177-6D8B914A0C7B}.Debug|iPhone.Build.0 = Debug|iPhone
		{584B90A9-3ECA-427A-A177-6D8B914A0C7B}.Debug|iPhone.Deploy.0 = Debug|iPhone
		{584B90A9-3ECA-427A-A177-6D8B914A0C7B}.Debug|iPhoneSimulator.ActiveCfg = Debug|iPhoneSimulator
		{584B90A9-3ECA-427A-A177-6D8B914A0C7B}.Debug|iPhoneSimulator.Build.0 = Debug|iPhoneSimulator
		{584B90A9-3ECA-427A-A177-6D8B914A0C7B}.Debug|iPhoneSimulator.Deploy.0 = Debug|iPhoneSimulator
		{584B90A9-3ECA-427A-A177-6D8B914A0C7B}.Release|Any CPU.ActiveCfg = Release|iPhone
		{584B90A9-3ECA-427A-A177-6D8B914A0C7B}.Release|Any CPU.Build.0 = Release|iPhone
		{584B90A9-3ECA-427A-A177-6D8B914A0C7B}.Release|Any CPU.Deploy.0 = Release|iPhone
		{584B90A9-3ECA-427A-A177-6D8B914A0C7B}.Release|iPhone.ActiveCfg = Release|iPhone
		{584B90A9-3ECA-427A-A177-6D8B914A0C7B}.Release|iPhone.Build.0 = Release|iPhone
		{584B90A9-3ECA-427A-A177-6D8B914A0C7B}.Release|iPhone.Deploy.0 = Release|iPhone
		{584B90A9-3ECA-427A-A177-6D8B914A0C7B}.Release|iPhoneSimulator.ActiveCfg = Release|iPhoneSimulator
		{584B90A9-3ECA-427A-A177-6D8B914A0C7B}.Release|iPhoneSimulator.Build.0 = Release|iPhoneSimulator
		{584B90A9-3ECA-427A-A177-6D8B914A0C7B}.Release|iPhoneSimulator.Deploy.0 = Release|iPhoneSimulator
		{16A208FD-C7C0-47A0-AEBB-A9FC30134B06}.Debug|Any CPU.ActiveCfg = Debug|Any CPU
		{16A208FD-C7C0-47A0-AEBB-A9FC30134B06}.Debug|Any CPU.Build.0 = Debug|Any CPU
		{16A208FD-C7C0-47A0-AEBB-A9FC30134B06}.Debug|Any CPU.Deploy.0 = Debug|Any CPU
		{16A208FD-C7C0-47A0-AEBB-A9FC30134B06}.Debug|iPhone.ActiveCfg = Debug|Any CPU
		{16A208FD-C7C0-47A0-AEBB-A9FC30134B06}.Debug|iPhone.Build.0 = Debug|Any CPU
		{16A208FD-C7C0-47A0-AEBB-A9FC30134B06}.Debug|iPhone.Deploy.0 = Debug|Any CPU
		{16A208FD-C7C0-47A0-AEBB-A9FC30134B06}.Debug|iPhoneSimulator.ActiveCfg = Debug|Any CPU
		{16A208FD-C7C0-47A0-AEBB-A9FC30134B06}.Debug|iPhoneSimulator.Build.0 = Debug|Any CPU
		{16A208FD-C7C0-47A0-AEBB-A9FC30134B06}.Debug|iPhoneSimulator.Deploy.0 = Debug|Any CPU
		{16A208FD-C7C0-47A0-AEBB-A9FC30134B06}.Release|Any CPU.ActiveCfg = Release|Any CPU
		{16A208FD-C7C0-47A0-AEBB-A9FC30134B06}.Release|Any CPU.Build.0 = Release|Any CPU
		{16A208FD-C7C0-47A0-AEBB-A9FC30134B06}.Release|Any CPU.Deploy.0 = Release|Any CPU
		{16A208FD-C7C0-47A0-AEBB-A9FC30134B06}.Release|iPhone.ActiveCfg = Release|Any CPU
		{16A208FD-C7C0-47A0-AEBB-A9FC30134B06}.Release|iPhone.Build.0 = Release|Any CPU
		{16A208FD-C7C0-47A0-AEBB-A9FC30134B06}.Release|iPhone.Deploy.0 = Release|Any CPU
		{16A208FD-C7C0-47A0-AEBB-A9FC30134B06}.Release|iPhoneSimulator.ActiveCfg = Release|Any CPU
		{16A208FD-C7C0-47A0-AEBB-A9FC30134B06}.Release|iPhoneSimulator.Build.0 = Release|Any CPU
		{16A208FD-C7C0-47A0-AEBB-A9FC30134B06}.Release|iPhoneSimulator.Deploy.0 = Release|Any CPU
	EndGlobalSection
	GlobalSection(SolutionProperties) = preSolution
		HideSolutionNode = FALSE
	EndGlobalSection
	GlobalSection(ExtensibilityGlobals) = postSolution
		SolutionGuid = {E078A7E4-45A1-4A49-9FFC-6B9D04447041}
	EndGlobalSection
EndGlobal
